// !$*UTF8*$!
{
	archiveVersion = 1;
	classes = {
	};
	objectVersion = 56;
	objects = {

/* Begin PBXBuildFile section */
		248BBC532BD0663400A0D01D /* AppDelegate.swift in Sources */ = {isa = PBXBuildFile; fileRef = 248BBC522BD0663400A0D01D /* AppDelegate.swift */; };
		248BBC552BD0663400A0D01D /* SceneDelegate.swift in Sources */ = {isa = PBXBuildFile; fileRef = 248BBC542BD0663400A0D01D /* SceneDelegate.swift */; };
		248BBC572BD0663400A0D01D /* QuestionViewController.swift in Sources */ = {isa = PBXBuildFile; fileRef = 248BBC562BD0663400A0D01D /* QuestionViewController.swift */; };
		248BBC5A2BD0663400A0D01D /* Main.storyboard in Resources */ = {isa = PBXBuildFile; fileRef = 248BBC582BD0663400A0D01D /* Main.storyboard */; };
		248BBC6C2BD0690200A0D01D /* Question.swift in Sources */ = {isa = PBXBuildFile; fileRef = 248BBC6B2BD0690200A0D01D /* Question.swift */; };
		248BBC6E2BD0695100A0D01D /* QuestionGroup.swift in Sources */ = {isa = PBXBuildFile; fileRef = 248BBC6D2BD0695100A0D01D /* QuestionGroup.swift */; };
		248BBC722BD2342E00A0D01D /* Assets.xcassets in Resources */ = {isa = PBXBuildFile; fileRef = 248BBC712BD2342E00A0D01D /* Assets.xcassets */; };
		248BBC742BD234AA00A0D01D /* LaunchScreen.storyboard in Resources */ = {isa = PBXBuildFile; fileRef = 248BBC732BD234AA00A0D01D /* LaunchScreen.storyboard */; };
		248BBC762BD2359B00A0D01D /* QuestionView.swift in Sources */ = {isa = PBXBuildFile; fileRef = 248BBC752BD2359B00A0D01D /* QuestionView.swift */; };
		24CE9B922BD3959D00B097FB /* SelectQuestionGroupViewController.swift in Sources */ = {isa = PBXBuildFile; fileRef = 24CE9B912BD3959C00B097FB /* SelectQuestionGroupViewController.swift */; };
		24CE9B942BD6ECBF00B097FB /* QuestionGroupCell.swift in Sources */ = {isa = PBXBuildFile; fileRef = 24CE9B932BD6ECBF00B097FB /* QuestionGroupCell.swift */; };
		24CE9B982BD7FFCB00B097FB /* QuestionStrategy.swift in Sources */ = {isa = PBXBuildFile; fileRef = 24CE9B972BD7FFCB00B097FB /* QuestionStrategy.swift */; };
		24CE9B9A2BD800E800B097FB /* SequentialQuestionStrategy.swift in Sources */ = {isa = PBXBuildFile; fileRef = 24CE9B992BD800E800B097FB /* SequentialQuestionStrategy.swift */; };
		24CE9B9C2BD82ABA00B097FB /* RandomQuestionStrategy.swift in Sources */ = {isa = PBXBuildFile; fileRef = 24CE9B9B2BD82ABA00B097FB /* RandomQuestionStrategy.swift */; };
		24CE9B9E2BD988DE00B097FB /* AppSettings.swift in Sources */ = {isa = PBXBuildFile; fileRef = 24CE9B9D2BD988DE00B097FB /* AppSettings.swift */; };
		24CE9BA02BD98FA600B097FB /* AppSettingsViewController.swift in Sources */ = {isa = PBXBuildFile; fileRef = 24CE9B9F2BD98FA600B097FB /* AppSettingsViewController.swift */; };
		24CE9BA52BDAC20300B097FB /* DiskCareTaker.swift in Sources */ = {isa = PBXBuildFile; fileRef = 24CE9BA42BDAC20300B097FB /* DiskCareTaker.swift */; };
		24CE9BA72BDAD46D00B097FB /* QuestionGroupCaretaker.swift in Sources */ = {isa = PBXBuildFile; fileRef = 24CE9BA62BDAD46D00B097FB /* QuestionGroupCaretaker.swift */; };
		24CE9BA92BDAE44500B097FB /* BaseQuestionStrategy.swift in Sources */ = {isa = PBXBuildFile; fileRef = 24CE9BA82BDAE44500B097FB /* BaseQuestionStrategy.swift */; };
		24CE9BAB2BDAEEDD00B097FB /* QuestionGroupData.json in Resources */ = {isa = PBXBuildFile; fileRef = 24CE9BAA2BDAEEDD00B097FB /* QuestionGroupData.json */; };
		24CE9BAD2BDC2EF200B097FB /* CreateQuestionGroupViewController.swift in Sources */ = {isa = PBXBuildFile; fileRef = 24CE9BAC2BDC2EF200B097FB /* CreateQuestionGroupViewController.swift */; };
		24CE9BAF2BDC2F2C00B097FB /* CreateQuestionCell.swift in Sources */ = {isa = PBXBuildFile; fileRef = 24CE9BAE2BDC2F2C00B097FB /* CreateQuestionCell.swift */; };
		24CE9BB12BDC2F9400B097FB /* CreateQuestionGroupTitleCell.swift in Sources */ = {isa = PBXBuildFile; fileRef = 24CE9BB02BDC2F9400B097FB /* CreateQuestionGroupTitleCell.swift */; };
		24CE9BB32BDC2FC900B097FB /* JapaneseTextField.swift in Sources */ = {isa = PBXBuildFile; fileRef = 24CE9BB22BDC2FC900B097FB /* JapaneseTextField.swift */; };
		24CE9BB72BDC30A500B097FB /* NewQuestionGroup.storyboard in Resources */ = {isa = PBXBuildFile; fileRef = 24CE9BB62BDC30A500B097FB /* NewQuestionGroup.storyboard */; };
/* End PBXBuildFile section */

/* Begin PBXFileReference section */
		248BBC4F2BD0663400A0D01D /* RabbleWabble.app */ = {isa = PBXFileReference; explicitFileType = wrapper.application; includeInIndex = 0; path = RabbleWabble.app; sourceTree = BUILT_PRODUCTS_DIR; };
		248BBC522BD0663400A0D01D /* AppDelegate.swift */ = {isa = PBXFileReference; lastKnownFileType = sourcecode.swift; path = AppDelegate.swift; sourceTree = "<group>"; };
		248BBC542BD0663400A0D01D /* SceneDelegate.swift */ = {isa = PBXFileReference; lastKnownFileType = sourcecode.swift; path = SceneDelegate.swift; sourceTree = "<group>"; };
		248BBC562BD0663400A0D01D /* QuestionViewController.swift */ = {isa = PBXFileReference; lastKnownFileType = sourcecode.swift; path = QuestionViewController.swift; sourceTree = "<group>"; };
		248BBC592BD0663400A0D01D /* Base */ = {isa = PBXFileReference; lastKnownFileType = file.storyboard; name = Base; path = Base.lproj/Main.storyboard; sourceTree = "<group>"; };
		248BBC602BD0663A00A0D01D /* Info.plist */ = {isa = PBXFileReference; lastKnownFileType = text.plist.xml; path = Info.plist; sourceTree = "<group>"; };
		248BBC6B2BD0690200A0D01D /* Question.swift */ = {isa = PBXFileReference; lastKnownFileType = sourcecode.swift; path = Question.swift; sourceTree = "<group>"; };
		248BBC6D2BD0695100A0D01D /* QuestionGroup.swift */ = {isa = PBXFileReference; lastKnownFileType = sourcecode.swift; path = QuestionGroup.swift; sourceTree = "<group>"; };
		248BBC712BD2342E00A0D01D /* Assets.xcassets */ = {isa = PBXFileReference; lastKnownFileType = folder.assetcatalog; name = Assets.xcassets; path = "../../../../../../Downloads/des-materials-editions-3.0/03-model-view-controller-pattern/projects/final/RabbleWabble/RabbleWabble/Resources/Assets.xcassets"; sourceTree = "<group>"; };
		248BBC732BD234AA00A0D01D /* LaunchScreen.storyboard */ = {isa = PBXFileReference; fileEncoding = 4; lastKnownFileType = file.storyboard; name = LaunchScreen.storyboard; path = "../../../../../../Downloads/des-materials-editions-3.0/03-model-view-controller-pattern/projects/final/RabbleWabble/RabbleWabble/Views/LaunchScreen.storyboard"; sourceTree = "<group>"; };
		248BBC752BD2359B00A0D01D /* QuestionView.swift */ = {isa = PBXFileReference; fileEncoding = 4; lastKnownFileType = sourcecode.swift; name = QuestionView.swift; path = "../../../../../../Downloads/des-materials-editions-3.0/03-model-view-controller-pattern/projects/final/RabbleWabble/RabbleWabble/Views/QuestionView.swift"; sourceTree = "<group>"; };
		24CE9B912BD3959C00B097FB /* SelectQuestionGroupViewController.swift */ = {isa = PBXFileReference; lastKnownFileType = sourcecode.swift; path = SelectQuestionGroupViewController.swift; sourceTree = "<group>"; };
		24CE9B932BD6ECBF00B097FB /* QuestionGroupCell.swift */ = {isa = PBXFileReference; lastKnownFileType = sourcecode.swift; path = QuestionGroupCell.swift; sourceTree = "<group>"; };
		24CE9B972BD7FFCB00B097FB /* QuestionStrategy.swift */ = {isa = PBXFileReference; lastKnownFileType = sourcecode.swift; path = QuestionStrategy.swift; sourceTree = "<group>"; };
		24CE9B992BD800E800B097FB /* SequentialQuestionStrategy.swift */ = {isa = PBXFileReference; lastKnownFileType = sourcecode.swift; path = SequentialQuestionStrategy.swift; sourceTree = "<group>"; };
		24CE9B9B2BD82ABA00B097FB /* RandomQuestionStrategy.swift */ = {isa = PBXFileReference; lastKnownFileType = sourcecode.swift; path = RandomQuestionStrategy.swift; sourceTree = "<group>"; };
		24CE9B9D2BD988DE00B097FB /* AppSettings.swift */ = {isa = PBXFileReference; lastKnownFileType = sourcecode.swift; path = AppSettings.swift; sourceTree = "<group>"; };
		24CE9B9F2BD98FA600B097FB /* AppSettingsViewController.swift */ = {isa = PBXFileReference; lastKnownFileType = sourcecode.swift; path = AppSettingsViewController.swift; sourceTree = "<group>"; };
		24CE9BA42BDAC20300B097FB /* DiskCareTaker.swift */ = {isa = PBXFileReference; lastKnownFileType = sourcecode.swift; path = DiskCareTaker.swift; sourceTree = "<group>"; };
		24CE9BA62BDAD46D00B097FB /* QuestionGroupCaretaker.swift */ = {isa = PBXFileReference; lastKnownFileType = sourcecode.swift; path = QuestionGroupCaretaker.swift; sourceTree = "<group>"; };
		24CE9BA82BDAE44500B097FB /* BaseQuestionStrategy.swift */ = {isa = PBXFileReference; lastKnownFileType = sourcecode.swift; path = BaseQuestionStrategy.swift; sourceTree = "<group>"; };
		24CE9BAA2BDAEEDD00B097FB /* QuestionGroupData.json */ = {isa = PBXFileReference; lastKnownFileType = text.json; path = QuestionGroupData.json; sourceTree = "<group>"; };
		24CE9BAC2BDC2EF200B097FB /* CreateQuestionGroupViewController.swift */ = {isa = PBXFileReference; lastKnownFileType = sourcecode.swift; path = CreateQuestionGroupViewController.swift; sourceTree = "<group>"; };
		24CE9BAE2BDC2F2C00B097FB /* CreateQuestionCell.swift */ = {isa = PBXFileReference; lastKnownFileType = sourcecode.swift; path = CreateQuestionCell.swift; sourceTree = "<group>"; };
		24CE9BB02BDC2F9400B097FB /* CreateQuestionGroupTitleCell.swift */ = {isa = PBXFileReference; lastKnownFileType = sourcecode.swift; path = CreateQuestionGroupTitleCell.swift; sourceTree = "<group>"; };
		24CE9BB22BDC2FC900B097FB /* JapaneseTextField.swift */ = {isa = PBXFileReference; lastKnownFileType = sourcecode.swift; path = JapaneseTextField.swift; sourceTree = "<group>"; };
		24CE9BB62BDC30A500B097FB /* NewQuestionGroup.storyboard */ = {isa = PBXFileReference; lastKnownFileType = file.storyboard; path = NewQuestionGroup.storyboard; sourceTree = "<group>"; };
/* End PBXFileReference section */

/* Begin PBXFrameworksBuildPhase section */
		248BBC4C2BD0663400A0D01D /* Frameworks */ = {
			isa = PBXFrameworksBuildPhase;
			buildActionMask = 2147483647;
			files = (
			);
			runOnlyForDeploymentPostprocessing = 0;
		};
/* End PBXFrameworksBuildPhase section */

/* Begin PBXGroup section */
		248BBC462BD0663400A0D01D = {
			isa = PBXGroup;
			children = (
				248BBC512BD0663400A0D01D /* RabbleWabble */,
				248BBC502BD0663400A0D01D /* Products */,
			);
			sourceTree = "<group>";
		};
		248BBC502BD0663400A0D01D /* Products */ = {
			isa = PBXGroup;
			children = (
				248BBC4F2BD0663400A0D01D /* RabbleWabble.app */,
			);
			name = Products;
			sourceTree = "<group>";
		};
		248BBC512BD0663400A0D01D /* RabbleWabble */ = {
			isa = PBXGroup;
			children = (
				24CE9BA32BDAC1D800B097FB /* CareTakers */,
				248BBC662BD0676100A0D01D /* AppDelegate */,
				248BBC672BD0678200A0D01D /* Controllers */,
				248BBC682BD0679600A0D01D /* Models */,
				248BBC692BD067A000A0D01D /* Resources */,
				24CE9B962BD7FFAB00B097FB /* Strategies */,
				248BBC6A2BD067A800A0D01D /* Views */,
			);
			path = RabbleWabble;
			sourceTree = "<group>";
		};
		248BBC662BD0676100A0D01D /* AppDelegate */ = {
			isa = PBXGroup;
			children = (
				248BBC522BD0663400A0D01D /* AppDelegate.swift */,
				248BBC542BD0663400A0D01D /* SceneDelegate.swift */,
			);
			path = AppDelegate;
			sourceTree = "<group>";
		};
		248BBC672BD0678200A0D01D /* Controllers */ = {
			isa = PBXGroup;
			children = (
				248BBC562BD0663400A0D01D /* QuestionViewController.swift */,
				24CE9B912BD3959C00B097FB /* SelectQuestionGroupViewController.swift */,
				24CE9B9F2BD98FA600B097FB /* AppSettingsViewController.swift */,
				24CE9BAC2BDC2EF200B097FB /* CreateQuestionGroupViewController.swift */,
			);
			path = Controllers;
			sourceTree = "<group>";
		};
		248BBC682BD0679600A0D01D /* Models */ = {
			isa = PBXGroup;
			children = (
				248BBC6B2BD0690200A0D01D /* Question.swift */,
				248BBC6D2BD0695100A0D01D /* QuestionGroup.swift */,
				24CE9B9D2BD988DE00B097FB /* AppSettings.swift */,
			);
			path = Models;
			sourceTree = "<group>";
		};
		248BBC692BD067A000A0D01D /* Resources */ = {
			isa = PBXGroup;
			children = (
				248BBC712BD2342E00A0D01D /* Assets.xcassets */,
				248BBC602BD0663A00A0D01D /* Info.plist */,
				24CE9BAA2BDAEEDD00B097FB /* QuestionGroupData.json */,
			);
			path = Resources;
			sourceTree = "<group>";
		};
		248BBC6A2BD067A800A0D01D /* Views */ = {
			isa = PBXGroup;
			children = (
				248BBC752BD2359B00A0D01D /* QuestionView.swift */,
				248BBC732BD234AA00A0D01D /* LaunchScreen.storyboard */,
				248BBC582BD0663400A0D01D /* Main.storyboard */,
				24CE9B932BD6ECBF00B097FB /* QuestionGroupCell.swift */,
				24CE9BAE2BDC2F2C00B097FB /* CreateQuestionCell.swift */,
				24CE9BB02BDC2F9400B097FB /* CreateQuestionGroupTitleCell.swift */,
				24CE9BB22BDC2FC900B097FB /* JapaneseTextField.swift */,
				24CE9BB62BDC30A500B097FB /* NewQuestionGroup.storyboard */,
			);
			path = Views;
			sourceTree = "<group>";
		};
		24CE9B962BD7FFAB00B097FB /* Strategies */ = {
			isa = PBXGroup;
			children = (
				24CE9B972BD7FFCB00B097FB /* QuestionStrategy.swift */,
				24CE9B992BD800E800B097FB /* SequentialQuestionStrategy.swift */,
				24CE9B9B2BD82ABA00B097FB /* RandomQuestionStrategy.swift */,
				24CE9BA82BDAE44500B097FB /* BaseQuestionStrategy.swift */,
			);
			path = Strategies;
			sourceTree = "<group>";
		};
		24CE9BA32BDAC1D800B097FB /* CareTakers */ = {
			isa = PBXGroup;
			children = (
				24CE9BA42BDAC20300B097FB /* DiskCareTaker.swift */,
				24CE9BA62BDAD46D00B097FB /* QuestionGroupCaretaker.swift */,
			);
			path = CareTakers;
			sourceTree = "<group>";
		};
/* End PBXGroup section */

/* Begin PBXNativeTarget section */
		248BBC4E2BD0663400A0D01D /* RabbleWabble */ = {
			isa = PBXNativeTarget;
			buildConfigurationList = 248BBC632BD0663A00A0D01D /* Build configuration list for PBXNativeTarget "RabbleWabble" */;
			buildPhases = (
				248BBC4B2BD0663400A0D01D /* Sources */,
				248BBC4C2BD0663400A0D01D /* Frameworks */,
				248BBC4D2BD0663400A0D01D /* Resources */,
			);
			buildRules = (
			);
			dependencies = (
			);
			name = RabbleWabble;
			productName = RabbleWabble;
			productReference = 248BBC4F2BD0663400A0D01D /* RabbleWabble.app */;
			productType = "com.apple.product-type.application";
		};
/* End PBXNativeTarget section */

/* Begin PBXProject section */
		248BBC472BD0663400A0D01D /* Project object */ = {
			isa = PBXProject;
			attributes = {
				BuildIndependentTargetsInParallel = 1;
				LastSwiftUpdateCheck = 1420;
				LastUpgradeCheck = 1420;
				TargetAttributes = {
					248BBC4E2BD0663400A0D01D = {
						CreatedOnToolsVersion = 14.2;
					};
				};
			};
			buildConfigurationList = 248BBC4A2BD0663400A0D01D /* Build configuration list for PBXProject "RabbleWabble" */;
			compatibilityVersion = "Xcode 14.0";
			developmentRegion = en;
			hasScannedForEncodings = 0;
			knownRegions = (
				en,
				Base,
			);
			mainGroup = 248BBC462BD0663400A0D01D;
			productRefGroup = 248BBC502BD0663400A0D01D /* Products */;
			projectDirPath = "";
			projectRoot = "";
			targets = (
				248BBC4E2BD0663400A0D01D /* RabbleWabble */,
			);
		};
/* End PBXProject section */

/* Begin PBXResourcesBuildPhase section */
		248BBC4D2BD0663400A0D01D /* Resources */ = {
			isa = PBXResourcesBuildPhase;
			buildActionMask = 2147483647;
			files = (
				24CE9BB72BDC30A500B097FB /* NewQuestionGroup.storyboard in Resources */,
				248BBC742BD234AA00A0D01D /* LaunchScreen.storyboard in Resources */,
				24CE9BAB2BDAEEDD00B097FB /* QuestionGroupData.json in Resources */,
				248BBC722BD2342E00A0D01D /* Assets.xcassets in Resources */,
				248BBC5A2BD0663400A0D01D /* Main.storyboard in Resources */,
			);
			runOnlyForDeploymentPostprocessing = 0;
		};
/* End PBXResourcesBuildPhase section */

/* Begin PBXSourcesBuildPhase section */
		248BBC4B2BD0663400A0D01D /* Sources */ = {
			isa = PBXSourcesBuildPhase;
			buildActionMask = 2147483647;
			files = (
				24CE9B9E2BD988DE00B097FB /* AppSettings.swift in Sources */,
				248BBC572BD0663400A0D01D /* QuestionViewController.swift in Sources */,
				248BBC6C2BD0690200A0D01D /* Question.swift in Sources */,
				24CE9BA52BDAC20300B097FB /* DiskCareTaker.swift in Sources */,
				248BBC532BD0663400A0D01D /* AppDelegate.swift in Sources */,
				248BBC762BD2359B00A0D01D /* QuestionView.swift in Sources */,
				24CE9B942BD6ECBF00B097FB /* QuestionGroupCell.swift in Sources */,
				24CE9BAF2BDC2F2C00B097FB /* CreateQuestionCell.swift in Sources */,
				24CE9B9A2BD800E800B097FB /* SequentialQuestionStrategy.swift in Sources */,
				24CE9B9C2BD82ABA00B097FB /* RandomQuestionStrategy.swift in Sources */,
				24CE9BA72BDAD46D00B097FB /* QuestionGroupCaretaker.swift in Sources */,
				24CE9B982BD7FFCB00B097FB /* QuestionStrategy.swift in Sources */,
				24CE9BAD2BDC2EF200B097FB /* CreateQuestionGroupViewController.swift in Sources */,
				24CE9BA92BDAE44500B097FB /* BaseQuestionStrategy.swift in Sources */,
				248BBC6E2BD0695100A0D01D /* QuestionGroup.swift in Sources */,
				24CE9BB12BDC2F9400B097FB /* CreateQuestionGroupTitleCell.swift in Sources */,
				24CE9BA02BD98FA600B097FB /* AppSettingsViewController.swift in Sources */,
				24CE9B922BD3959D00B097FB /* SelectQuestionGroupViewController.swift in Sources */,
				24CE9BB32BDC2FC900B097FB /* JapaneseTextField.swift in Sources */,
				248BBC552BD0663400A0D01D /* SceneDelegate.swift in Sources */,
			);
			runOnlyForDeploymentPostprocessing = 0;
		};
/* End PBXSourcesBuildPhase section */

/* Begin PBXVariantGroup section */
		248BBC582BD0663400A0D01D /* Main.storyboard */ = {
			isa = PBXVariantGroup;
			children = (
				248BBC592BD0663400A0D01D /* Base */,
			);
			name = Main.storyboard;
			sourceTree = "<group>";
		};
/* End PBXVariantGroup section */

/* Begin XCBuildConfiguration section */
		248BBC612BD0663A00A0D01D /* Debug */ = {
			isa = XCBuildConfiguration;
			buildSettings = {
				ALWAYS_SEARCH_USER_PATHS = NO;
				CLANG_ANALYZER_NONNULL = YES;
				CLANG_ANALYZER_NUMBER_OBJECT_CONVERSION = YES_AGGRESSIVE;
				CLANG_CXX_LANGUAGE_STANDARD = "gnu++20";
				CLANG_ENABLE_MODULES = YES;
				CLANG_ENABLE_OBJC_ARC = YES;
				CLANG_ENABLE_OBJC_WEAK = YES;
				CLANG_WARN_BLOCK_CAPTURE_AUTORELEASING = YES;
				CLANG_WARN_BOOL_CONVERSION = YES;
				CLANG_WARN_COMMA = YES;
				CLANG_WARN_CONSTANT_CONVERSION = YES;
				CLANG_WARN_DEPRECATED_OBJC_IMPLEMENTATIONS = YES;
				CLANG_WARN_DIRECT_OBJC_ISA_USAGE = YES_ERROR;
				CLANG_WARN_DOCUMENTATION_COMMENTS = YES;
				CLANG_WARN_EMPTY_BODY = YES;
				CLANG_WARN_ENUM_CONVERSION = YES;
				CLANG_WARN_INFINITE_RECURSION = YES;
				CLANG_WARN_INT_CONVERSION = YES;
				CLANG_WARN_NON_LITERAL_NULL_CONVERSION = YES;
				CLANG_WARN_OBJC_IMPLICIT_RETAIN_SELF = YES;
				CLANG_WARN_OBJC_LITERAL_CONVERSION = YES;
				CLANG_WARN_OBJC_ROOT_CLASS = YES_ERROR;
				CLANG_WARN_QUOTED_INCLUDE_IN_FRAMEWORK_HEADER = YES;
				CLANG_WARN_RANGE_LOOP_ANALYSIS = YES;
				CLANG_WARN_STRICT_PROTOTYPES = YES;
				CLANG_WARN_SUSPICIOUS_MOVE = YES;
				CLANG_WARN_UNGUARDED_AVAILABILITY = YES_AGGRESSIVE;
				CLANG_WARN_UNREACHABLE_CODE = YES;
				CLANG_WARN__DUPLICATE_METHOD_MATCH = YES;
				COPY_PHASE_STRIP = NO;
				DEBUG_INFORMATION_FORMAT = dwarf;
				ENABLE_STRICT_OBJC_MSGSEND = YES;
				ENABLE_TESTABILITY = YES;
				GCC_C_LANGUAGE_STANDARD = gnu11;
				GCC_DYNAMIC_NO_PIC = NO;
				GCC_NO_COMMON_BLOCKS = YES;
				GCC_OPTIMIZATION_LEVEL = 0;
				GCC_PREPROCESSOR_DEFINITIONS = (
					"DEBUG=1",
					"$(inherited)",
				);
				GCC_WARN_64_TO_32_BIT_CONVERSION = YES;
				GCC_WARN_ABOUT_RETURN_TYPE = YES_ERROR;
				GCC_WARN_UNDECLARED_SELECTOR = YES;
				GCC_WARN_UNINITIALIZED_AUTOS = YES_AGGRESSIVE;
				GCC_WARN_UNUSED_FUNCTION = YES;
				GCC_WARN_UNUSED_VARIABLE = YES;
				IPHONEOS_DEPLOYMENT_TARGET = 16.2;
				MTL_ENABLE_DEBUG_INFO = INCLUDE_SOURCE;
				MTL_FAST_MATH = YES;
				ONLY_ACTIVE_ARCH = YES;
				SDKROOT = iphoneos;
				SWIFT_ACTIVE_COMPILATION_CONDITIONS = DEBUG;
				SWIFT_OPTIMIZATION_LEVEL = "-Onone";
			};
			name = Debug;
		};
		248BBC622BD0663A00A0D01D /* Release */ = {
			isa = XCBuildConfiguration;
			buildSettings = {
				ALWAYS_SEARCH_USER_PATHS = NO;
				CLANG_ANALYZER_NONNULL = YES;
				CLANG_ANALYZER_NUMBER_OBJECT_CONVERSION = YES_AGGRESSIVE;
				CLANG_CXX_LANGUAGE_STANDARD = "gnu++20";
				CLANG_ENABLE_MODULES = YES;
				CLANG_ENABLE_OBJC_ARC = YES;
				CLANG_ENABLE_OBJC_WEAK = YES;
				CLANG_WARN_BLOCK_CAPTURE_AUTORELEASING = YES;
				CLANG_WARN_BOOL_CONVERSION = YES;
				CLANG_WARN_COMMA = YES;
				CLANG_WARN_CONSTANT_CONVERSION = YES;
				CLANG_WARN_DEPRECATED_OBJC_IMPLEMENTATIONS = YES;
				CLANG_WARN_DIRECT_OBJC_ISA_USAGE = YES_ERROR;
				CLANG_WARN_DOCUMENTATION_COMMENTS = YES;
				CLANG_WARN_EMPTY_BODY = YES;
				CLANG_WARN_ENUM_CONVERSION = YES;
				CLANG_WARN_INFINITE_RECURSION = YES;
				CLANG_WARN_INT_CONVERSION = YES;
				CLANG_WARN_NON_LITERAL_NULL_CONVERSION = YES;
				CLANG_WARN_OBJC_IMPLICIT_RETAIN_SELF = YES;
				CLANG_WARN_OBJC_LITERAL_CONVERSION = YES;
				CLANG_WARN_OBJC_ROOT_CLASS = YES_ERROR;
				CLANG_WARN_QUOTED_INCLUDE_IN_FRAMEWORK_HEADER = YES;
				CLANG_WARN_RANGE_LOOP_ANALYSIS = YES;
				CLANG_WARN_STRICT_PROTOTYPES = YES;
				CLANG_WARN_SUSPICIOUS_MOVE = YES;
				CLANG_WARN_UNGUARDED_AVAILABILITY = YES_AGGRESSIVE;
				CLANG_WARN_UNREACHABLE_CODE = YES;
				CLANG_WARN__DUPLICATE_METHOD_MATCH = YES;
				COPY_PHASE_STRIP = NO;
				DEBUG_INFORMATION_FORMAT = "dwarf-with-dsym";
				ENABLE_NS_ASSERTIONS = NO;
				ENABLE_STRICT_OBJC_MSGSEND = YES;
				GCC_C_LANGUAGE_STANDARD = gnu11;
				GCC_NO_COMMON_BLOCKS = YES;
				GCC_WARN_64_TO_32_BIT_CONVERSION = YES;
				GCC_WARN_ABOUT_RETURN_TYPE = YES_ERROR;
				GCC_WARN_UNDECLARED_SELECTOR = YES;
				GCC_WARN_UNINITIALIZED_AUTOS = YES_AGGRESSIVE;
				GCC_WARN_UNUSED_FUNCTION = YES;
				GCC_WARN_UNUSED_VARIABLE = YES;
				IPHONEOS_DEPLOYMENT_TARGET = 16.2;
				MTL_ENABLE_DEBUG_INFO = NO;
				MTL_FAST_MATH = YES;
				SDKROOT = iphoneos;
				SWIFT_COMPILATION_MODE = wholemodule;
				SWIFT_OPTIMIZATION_LEVEL = "-O";
				VALIDATE_PRODUCT = YES;
			};
			name = Release;
		};
		248BBC642BD0663A00A0D01D /* Debug */ = {
			isa = XCBuildConfiguration;
			buildSettings = {
				ASSETCATALOG_COMPILER_APPICON_NAME = AppIcon;
				ASSETCATALOG_COMPILER_GLOBAL_ACCENT_COLOR_NAME = AccentColor;
				CODE_SIGN_STYLE = Automatic;
				CURRENT_PROJECT_VERSION = 1;
				DEVELOPMENT_TEAM = KG4CK3G28T;
				GENERATE_INFOPLIST_FILE = YES;
				INFOPLIST_FILE = RabbleWabble/Resources/Info.plist;
				INFOPLIST_KEY_UIApplicationSupportsIndirectInputEvents = YES;
				INFOPLIST_KEY_UILaunchStoryboardName = LaunchScreen;
				INFOPLIST_KEY_UIMainStoryboardFile = Main;
				INFOPLIST_KEY_UISupportedInterfaceOrientations_iPad = "UIInterfaceOrientationPortrait UIInterfaceOrientationPortraitUpsideDown UIInterfaceOrientationLandscapeLeft UIInterfaceOrientationLandscapeRight";
				INFOPLIST_KEY_UISupportedInterfaceOrientations_iPhone = "UIInterfaceOrientationPortrait UIInterfaceOrientationLandscapeLeft UIInterfaceOrientationLandscapeRight";
				LD_RUNPATH_SEARCH_PATHS = (
					"$(inherited)",
					"@executable_path/Frameworks",
				);
				MARKETING_VERSION = 1.0;
				PRODUCT_BUNDLE_IDENTIFIER = com.fahim.iosapp.RabbleWabble;
				PRODUCT_NAME = "$(TARGET_NAME)";
				SWIFT_EMIT_LOC_STRINGS = YES;
				SWIFT_VERSION = 5.0;
				TARGETED_DEVICE_FAMILY = "1,2";
			};
			name = Debug;
		};
		248BBC652BD0663A00A0D01D /* Release */ = {
			isa = XCBuildConfiguration;
			buildSettings = {
				ASSETCATALOG_COMPILER_APPICON_NAME = AppIcon;
				ASSETCATALOG_COMPILER_GLOBAL_ACCENT_COLOR_NAME = AccentColor;
				CODE_SIGN_STYLE = Automatic;
				CURRENT_PROJECT_VERSION = 1;
				DEVELOPMENT_TEAM = KG4CK3G28T;
				GENERATE_INFOPLIST_FILE = YES;
				INFOPLIST_FILE = RabbleWabble/Resources/Info.plist;
				INFOPLIST_KEY_UIApplicationSupportsIndirectInputEvents = YES;
				INFOPLIST_KEY_UILaunchStoryboardName = LaunchScreen;
				INFOPLIST_KEY_UIMainStoryboardFile = Main;
				INFOPLIST_KEY_UISupportedInterfaceOrientations_iPad = "UIInterfaceOrientationPortrait UIInterfaceOrientationPortraitUpsideDown UIInterfaceOrientationLandscapeLeft UIInterfaceOrientationLandscapeRight";
				INFOPLIST_KEY_UISupportedInterfaceOrientations_iPhone = "UIInterfaceOrientationPortrait UIInterfaceOrientationLandscapeLeft UIInterfaceOrientationLandscapeRight";
				LD_RUNPATH_SEARCH_PATHS = (
					"$(inherited)",
					"@executable_path/Frameworks",
				);
				MARKETING_VERSION = 1.0;
				PRODUCT_BUNDLE_IDENTIFIER = com.fahim.iosapp.RabbleWabble;
				PRODUCT_NAME = "$(TARGET_NAME)";
				SWIFT_EMIT_LOC_STRINGS = YES;
				SWIFT_VERSION = 5.0;
				TARGETED_DEVICE_FAMILY = "1,2";
			};
			name = Release;
		};
/* End XCBuildConfiguration section */

/* Begin XCConfigurationList section */
		248BBC4A2BD0663400A0D01D /* Build configuration list for PBXProject "RabbleWabble" */ = {
			isa = XCConfigurationList;
			buildConfigurations = (
				248BBC612BD0663A00A0D01D /* Debug */,
				248BBC622BD0663A00A0D01D /* Release */,
			);
			defaultConfigurationIsVisible = 0;
			defaultConfigurationName = Release;
		};
		248BBC632BD0663A00A0D01D /* Build configuration list for PBXNativeTarget "RabbleWabble" */ = {
			isa = XCConfigurationList;
			buildConfigurations = (
				248BBC642BD0663A00A0D01D /* Debug */,
				248BBC652BD0663A00A0D01D /* Release */,
			);
			defaultConfigurationIsVisible = 0;
			defaultConfigurationName = Release;
		};
/* End XCConfigurationList section */
	};
	rootObject = 248BBC472BD0663400A0D01D /* Project object */;
}
